# THIS IS AN AUTOGENERATED FILE. DO NOT EDIT THIS FILE DIRECTLY.
# yarn lockfile v1


amortize@1.1.0:
  version "1.1.0"
  resolved "https://registry.yarnpkg.com/amortize/-/amortize-1.1.0.tgz#640e10fa960c6a073eacec92ebaee08398fe8249"
  integrity sha512-km08OI2MszLrLHcTXYgr9dx+F4KHeFnrgn1KIsZEHDVXOLExZeB5Gwj/lLtDScyeu7nN7F6UplBCZ8GNDhFVaw==

asynckit@^0.4.0:
  version "0.4.0"
  resolved "https://registry.yarnpkg.com/asynckit/-/asynckit-0.4.0.tgz#c79ed97f7f34cb8f2ba1bc9790bcc366474b4b79"
  integrity sha512-Oei9OH4tRh0YqU3GxhX79dM/mwVgvbZJaSNaRk+bshkj0S5cfHcgYakreBjrHwatXKbz+IoIdYLxrKim2MjW0Q==

axios@0.28.0:
  version "0.28.0"
  resolved "https://registry.yarnpkg.com/axios/-/axios-0.28.0.tgz#801a4d991d0404961bccef46800e1170f8278c89"
  integrity sha512-Tu7NYoGY4Yoc7I+Npf9HhUMtEEpV7ZiLH9yndTCoNhcpBH0kwcvFbzYN9/u5QKI5A6uefjsNNWaz5olJVYS62Q==
  dependencies:
    follow-redirects "^1.15.0"
    form-data "^4.0.0"
    proxy-from-env "^1.1.0"

combined-stream@^1.0.8:
  version "1.0.8"
  resolved "https://registry.yarnpkg.com/combined-stream/-/combined-stream-1.0.8.tgz#c3d45a8b34fd730631a110a8a2520682b31d5a7f"
  integrity sha512-FQN4MRfuJeHf7cBbBMJFXhKSDq+2kAArBlmRBvcvFE5BB1HZKXtSFASDhdlz9zOYwxh8lDdnvmMOe/+5cdoEdg==
  dependencies:
    delayed-stream "~1.0.0"

custom-event@^1.0.1:
  version "1.0.1"
  resolved "https://registry.yarnpkg.com/custom-event/-/custom-event-1.0.1.tgz#5d02a46850adf1b4a317946a3928fccb5bfd0425"
  integrity sha1-XQKkaFCt8bSjF5RqOSj8y1v9BCU=

date-format@3.0.0:
  version "3.0.0"
  resolved "https://registry.yarnpkg.com/date-format/-/date-format-3.0.0.tgz#eb8780365c7d2b1511078fb491e6479780f3ad95"
  integrity sha512-eyTcpKOcamdhWJXj56DpQMo1ylSQpcGtGKXcU0Tb97+K56/CF5amAqqqNj0+KvA0iw2ynxtHWFsPDSClCxe48w==

delayed-stream@~1.0.0:
  version "1.0.0"
  resolved "https://registry.yarnpkg.com/delayed-stream/-/delayed-stream-1.0.0.tgz#df3ae199acadfb7d440aaae0b29e2272b24ec619"
  integrity sha512-ZySD7Nf91aLB0RxL4KGrKHBXl7Eds1DAmEdcoVawXnLD7SDhpNgtuII2aAkg7a7QS41jxPSZ17p4VdGnMHk3MQ==

ev-pos@^1.0.1:
  version "1.0.1"
  resolved "https://registry.yarnpkg.com/ev-pos/-/ev-pos-1.0.1.tgz#8bd7726667dfc3322f7f33e12bfd8a79658f66d0"
  integrity sha1-i9dyZmffwzIvfzPhK/2KeWWPZtA=

fastdom@1.0.10:
  version "1.0.10"
  resolved "https://registry.yarnpkg.com/fastdom/-/fastdom-1.0.10.tgz#4f2c7c9b24e7e249fc70c63131842b859b92bf09"
  integrity sha512-sbL4h358IlZn8VsTvA5TYnKVLYif46XhPEll+HTSxVtDSpqZEO/17D/QqlxE9V2K7AQ82GXeYeQLU2HWwKgk1A==
  dependencies:
    strictdom "^1.0.1"

follow-redirects@^1.15.0:
  version "1.15.9"
  resolved "https://registry.yarnpkg.com/follow-redirects/-/follow-redirects-1.15.9.tgz#a604fa10e443bf98ca94228d9eebcc2e8a2c8ee1"
  integrity sha512-gew4GsXizNgdoRyqmyfMHyAmXsZDk6mHkSxZFCzW9gwlbtOW44CDtYavM+y+72qD/Vq2l550kMF52DT8fOLJqQ==

form-data@^4.0.0:
  version "4.0.1"
  resolved "https://registry.yarnpkg.com/form-data/-/form-data-4.0.1.tgz#ba1076daaaa5bfd7e99c1a6cb02aa0a5cff90d48"
  integrity sha512-tzN8e4TX8+kkxGPK8D5u0FNmjPUjw3lwC9lSLxxoB/+GtsJG91CO8bSWy73APlgAZzZbXEYZJuxjkHH2w+Ezhw==
  dependencies:
    asynckit "^0.4.0"
    combined-stream "^1.0.8"
    mime-types "^2.1.12"

format-usd@1.0.1:
  version "1.0.1"
  resolved "https://registry.yarnpkg.com/format-usd/-/format-usd-1.0.1.tgz#b5f80cf8d9eab5cf5f94135aa7cee272be5d705c"
  integrity sha1-tfgM+Nnqtc9flBNap87icr5dcFw=

format-usd@~0.1.0:
  version "0.1.0"
  resolved "https://registry.yarnpkg.com/format-usd/-/format-usd-0.1.0.tgz#6ff5475a4ddceb6fc5d3d2f93fedd70e2670ad3e"
  integrity sha1-b/VHWk3c62/F09L5P+3XDiZwrT4=

highcharts@9.0.0:
  version "9.0.0"
  resolved "https://registry.yarnpkg.com/highcharts/-/highcharts-9.0.0.tgz#2e5d382481f71c50ac7f086e7bdead394fab71d4"
  integrity sha512-MJCtidFytGSQvsV3OEM+vFTLpjUcp7jmFpLn8h3oL4WKp0gxUOQg6Nw00sqMWGdiadst0gOZO4804zynTcYjZQ==

jquery@3.6.0:
  version "3.6.0"
  resolved "https://registry.yarnpkg.com/jquery/-/jquery-3.6.0.tgz#c72a09f15c1bdce142f49dbf1170bdf8adac2470"
  integrity sha512-JVzAR/AjBvVt2BmYhxRCSYysDsPcssdmTFnzyLEts9qNwmjmu4JTAMYubEfwVOSwpQ1I1sKKFcxhZCI2buerfw==

jumbo-mortgage@3.0.0:
  version "3.0.0"
  resolved "https://registry.yarnpkg.com/jumbo-mortgage/-/jumbo-mortgage-3.0.0.tgz#36333f126f4bc96a0945a9969b304a9093935d74"
  integrity sha512-1xRmZmDzmCgJUimK0r82qoo5WZxRcLehMIPn+0mCoEYz9aKHCOpwqHGZzXHu30qj0pgLavWWUj6wBk7lw8ca9Q==
  dependencies:
    format-usd "~0.1.0"

median@0.0.2:
  version "0.0.2"
  resolved "https://registry.yarnpkg.com/median/-/median-0.0.2.tgz#1b7172bc221eb3e9bf4f479fadaadefc50c44787"
  integrity sha1-G3FyvCIes+m/T0efrare/FDER4c=

mime-db@1.52.0:
  version "1.52.0"
  resolved "https://registry.yarnpkg.com/mime-db/-/mime-db-1.52.0.tgz#bbabcdc02859f4987301c856e3387ce5ec43bf70"
  integrity sha512-sPU4uV7dYlvtWJxwwxHD0PuihVNiE7TyAbQ5SWxDCB9mUYvOgroQOwYQQOKPJ8CIbE+1ETVlOoK1UC2nU3gYvg==

mime-types@^2.1.12:
  version "2.1.35"
  resolved "https://registry.yarnpkg.com/mime-types/-/mime-types-2.1.35.tgz#381a871b62a734450660ae3deee44813f70d959a"
  integrity sha512-ZDY+bPm5zTTF+YpCrAU9nK0UgICYPT0QtT1NZWFv4s++TNkcgVaT0g6+4R2uI4MjQjzysHB1zxuWL50hzaeXiw==
  dependencies:
    mime-db "1.52.0"

proxy-from-env@^1.1.0:
  version "1.1.0"
  resolved "https://registry.yarnpkg.com/proxy-from-env/-/proxy-from-env-1.1.0.tgz#e102f16ca355424865755d2c9e8ea4f24d58c3e2"
  integrity sha512-D+zkORCbA9f1tdWRK0RaCR3GPv50cMxcrz4X8k5LTSUD1Dkw47mKJEZQNunItRTkWwgtaUSo1RVFRIG9ZXiFYg==

rangeslider-js@^3.0.2:
  version "3.2.5"
  resolved "https://registry.yarnpkg.com/rangeslider-js/-/rangeslider-js-3.2.5.tgz#945b557ba7494053cd7f848840e19112dffb0b1a"
  integrity sha512-aGNQPNpM4Qd8w3UpAZGY2ax8naLiiSPDAT+jKi/cz9Gigg9ON1ODc9xpWS8Kjsf1eIBHAEXcYcQtRU7NqabM/Q==
  dependencies:
    custom-event "^1.0.1"
    ev-pos "^1.0.1"

strictdom@^1.0.1:
  version "1.0.1"
  resolved "https://registry.yarnpkg.com/strictdom/-/strictdom-1.0.1.tgz#189de91649f73d44d59b8432efa68ef9d2659460"
  integrity sha1-GJ3pFkn3PUTVm4Qy76aO+dJllGA=

unformat-usd@0.1.1:
  version "0.1.1"
  resolved "https://registry.yarnpkg.com/unformat-usd/-/unformat-usd-0.1.1.tgz#f9b50e9c5b0a178de1738b4de55537ebd00ab8f7"
  integrity sha1-+bUOnFsKF43hc4tN5VU369AKuPc=
